
Microsoft Visual Studio Solution File, Format Version 12.00
# Visual Studio Version 16
VisualStudioVersion = 16.0.33130.400
MinimumVisualStudioVersion = 10.0.40219.1
Project("{FAE04EC0-301F-11D3-BF4B-00C04F79EFBC}") = "Mission2assignment", "Mission2assignment\Mission2assignment.csproj", "{7AA3DA14-836E-4FAA-89AE-8D804EF39ACB}"
EndProject
Global
	GlobalSection(SolutionConfigurationPlatforms) = preSolution
		Debug|Any CPU = Debug|Any CPU
		Release|Any CPU = Release|Any CPU
	EndGlobalSection
	GlobalSection(ProjectConfigurationPlatforms) = postSolution
		{7AA3DA14-836E-4FAA-89AE-8D804EF39ACB}.Debug|Any CPU.ActiveCfg = Debug|Any CPU
		{7AA3DA14-836E-4FAA-89AE-8D804EF39ACB}.Debug|Any CPU.Build.0 = Debug|Any CPU
		{7AA3DA14-836E-4FAA-89AE-8D804EF39ACB}.Release|Any CPU.ActiveCfg = Release|Any CPU
		{7AA3DA14-836E-4FAA-89AE-8D804EF39ACB}.Release|Any CPU.Build.0 = Release|Any CPU
	EndGlobalSection
	GlobalSection(SolutionProperties) = preSolution
		HideSolutionNode = FALSE
	EndGlobalSection
	GlobalSection(ExtensibilityGlobals) = postSolution
		SolutionGuid = {1685F9F0-AF09-43FF-BA1C-4DD62094F5EF}
	EndGlobalSection
EndGlobal
